// !$*UTF8*$!
{
	archiveVersion = 1;
	classes = {
	};
	objectVersion = 52;
	objects = {

/* Begin PBXBuildFile section */
		B73F19D823D5FA1A00F05F7C /* AppDelegate.swift in Sources */ = {isa = PBXBuildFile; fileRef = B73F19D723D5FA1A00F05F7C /* AppDelegate.swift */; };
		B73F19DA23D5FA1A00F05F7C /* SceneDelegate.swift in Sources */ = {isa = PBXBuildFile; fileRef = B73F19D923D5FA1A00F05F7C /* SceneDelegate.swift */; };
		B73F19DF23D5FA1A00F05F7C /* Main.storyboard in Resources */ = {isa = PBXBuildFile; fileRef = B73F19DD23D5FA1A00F05F7C /* Main.storyboard */; };
		B73F19E123D5FA1F00F05F7C /* Assets.xcassets in Resources */ = {isa = PBXBuildFile; fileRef = B73F19E023D5FA1F00F05F7C /* Assets.xcassets */; };
		B73F19E423D5FA1F00F05F7C /* LaunchScreen.storyboard in Resources */ = {isa = PBXBuildFile; fileRef = B73F19E223D5FA1F00F05F7C /* LaunchScreen.storyboard */; };
		B73F19ED23D5FAE900F05F7C /* Secrets.swift in Sources */ = {isa = PBXBuildFile; fileRef = B73F19EC23D5FAE900F05F7C /* Secrets.swift */; };
		B73F19F023D5FC6200F05F7C /* ImageKit in Frameworks */ = {isa = PBXBuildFile; productRef = B73F19EF23D5FC6200F05F7C /* ImageKit */; };
		B73F19F423D5FE1900F05F7C /* SearchViewController.swift in Sources */ = {isa = PBXBuildFile; fileRef = B73F19F323D5FE1900F05F7C /* SearchViewController.swift */; };
		B73F19F723D5FF7E00F05F7C /* PhotosApiClient.swift in Sources */ = {isa = PBXBuildFile; fileRef = B73F19F623D5FF7E00F05F7C /* PhotosApiClient.swift */; };
		B73F19FA23D5FFAE00F05F7C /* Photo.swift in Sources */ = {isa = PBXBuildFile; fileRef = B73F19F923D5FFAE00F05F7C /* Photo.swift */; };
/* End PBXBuildFile section */

/* Begin PBXFileReference section */
		B73F19D423D5FA1A00F05F7C /* Pixaby-Persistence-Lab.app */ = {isa = PBXFileReference; explicitFileType = wrapper.application; includeInIndex = 0; path = "Pixaby-Persistence-Lab.app"; sourceTree = BUILT_PRODUCTS_DIR; };
		B73F19D723D5FA1A00F05F7C /* AppDelegate.swift */ = {isa = PBXFileReference; lastKnownFileType = sourcecode.swift; path = AppDelegate.swift; sourceTree = "<group>"; };
		B73F19D923D5FA1A00F05F7C /* SceneDelegate.swift */ = {isa = PBXFileReference; lastKnownFileType = sourcecode.swift; path = SceneDelegate.swift; sourceTree = "<group>"; };
		B73F19DE23D5FA1A00F05F7C /* Base */ = {isa = PBXFileReference; lastKnownFileType = file.storyboard; name = Base; path = Base.lproj/Main.storyboard; sourceTree = "<group>"; };
		B73F19E023D5FA1F00F05F7C /* Assets.xcassets */ = {isa = PBXFileReference; lastKnownFileType = folder.assetcatalog; path = Assets.xcassets; sourceTree = "<group>"; };
		B73F19E323D5FA1F00F05F7C /* Base */ = {isa = PBXFileReference; lastKnownFileType = file.storyboard; name = Base; path = Base.lproj/LaunchScreen.storyboard; sourceTree = "<group>"; };
		B73F19E523D5FA1F00F05F7C /* Info.plist */ = {isa = PBXFileReference; lastKnownFileType = text.plist.xml; path = Info.plist; sourceTree = "<group>"; };
		B73F19EC23D5FAE900F05F7C /* Secrets.swift */ = {isa = PBXFileReference; lastKnownFileType = sourcecode.swift; path = Secrets.swift; sourceTree = "<group>"; };
		B73F19F323D5FE1900F05F7C /* SearchViewController.swift */ = {isa = PBXFileReference; lastKnownFileType = sourcecode.swift; path = SearchViewController.swift; sourceTree = "<group>"; };
		B73F19F623D5FF7E00F05F7C /* PhotosApiClient.swift */ = {isa = PBXFileReference; lastKnownFileType = sourcecode.swift; path = PhotosApiClient.swift; sourceTree = "<group>"; };
		B73F19F923D5FFAE00F05F7C /* Photo.swift */ = {isa = PBXFileReference; lastKnownFileType = sourcecode.swift; path = Photo.swift; sourceTree = "<group>"; };
/* End PBXFileReference section */

/* Begin PBXFrameworksBuildPhase section */
		B73F19D123D5FA1A00F05F7C /* Frameworks */ = {
			isa = PBXFrameworksBuildPhase;
			buildActionMask = 2147483647;
			files = (
				B73F19F023D5FC6200F05F7C /* ImageKit in Frameworks */,
			);
			runOnlyForDeploymentPostprocessing = 0;
		};
/* End PBXFrameworksBuildPhase section */

/* Begin PBXGroup section */
		B73F19CB23D5FA1A00F05F7C = {
			isa = PBXGroup;
			children = (
				B73F19D623D5FA1A00F05F7C /* Pixaby-Persistence-Lab */,
				B73F19D523D5FA1A00F05F7C /* Products */,
			);
			sourceTree = "<group>";
		};
		B73F19D523D5FA1A00F05F7C /* Products */ = {
			isa = PBXGroup;
			children = (
				B73F19D423D5FA1A00F05F7C /* Pixaby-Persistence-Lab.app */,
			);
			name = Products;
			sourceTree = "<group>";
		};
		B73F19D623D5FA1A00F05F7C /* Pixaby-Persistence-Lab */ = {
			isa = PBXGroup;
			children = (
				B73F19F123D5FCC500F05F7C /* Supporting */,
				B73F19EB23D5FABD00F05F7C /* Secrets */,
				B73F19F223D5FD0600F05F7C /* Controllers */,
				B73F19F523D5FF5700F05F7C /* Networks */,
				B73F19F823D5FF8F00F05F7C /* Model */,
				B73F19DD23D5FA1A00F05F7C /* Main.storyboard */,
				B73F19E523D5FA1F00F05F7C /* Info.plist */,
			);
			path = "Pixaby-Persistence-Lab";
			sourceTree = "<group>";
		};
		B73F19EB23D5FABD00F05F7C /* Secrets */ = {
			isa = PBXGroup;
			children = (
				B73F19EC23D5FAE900F05F7C /* Secrets.swift */,
			);
			path = Secrets;
			sourceTree = "<group>";
		};
		B73F19F123D5FCC500F05F7C /* Supporting */ = {
			isa = PBXGroup;
			children = (
				B73F19D923D5FA1A00F05F7C /* SceneDelegate.swift */,
				B73F19E223D5FA1F00F05F7C /* LaunchScreen.storyboard */,
				B73F19D723D5FA1A00F05F7C /* AppDelegate.swift */,
				B73F19E023D5FA1F00F05F7C /* Assets.xcassets */,
			);
			path = Supporting;
			sourceTree = "<group>";
		};
		B73F19F223D5FD0600F05F7C /* Controllers */ = {
			isa = PBXGroup;
			children = (
				B73F19F323D5FE1900F05F7C /* SearchViewController.swift */,
			);
			path = Controllers;
			sourceTree = "<group>";
		};
		B73F19F523D5FF5700F05F7C /* Networks */ = {
			isa = PBXGroup;
			children = (
				B73F19F623D5FF7E00F05F7C /* PhotosApiClient.swift */,
			);
			path = Networks;
			sourceTree = "<group>";
		};
		B73F19F823D5FF8F00F05F7C /* Model */ = {
			isa = PBXGroup;
			children = (
				B73F19F923D5FFAE00F05F7C /* Photo.swift */,
			);
			path = Model;
			sourceTree = "<group>";
		};
/* End PBXGroup section */

/* Begin PBXNativeTarget section */
		B73F19D323D5FA1A00F05F7C /* Pixaby-Persistence-Lab */ = {
			isa = PBXNativeTarget;
			buildConfigurationList = B73F19E823D5FA1F00F05F7C /* Build configuration list for PBXNativeTarget "Pixaby-Persistence-Lab" */;
			buildPhases = (
				B73F19D023D5FA1A00F05F7C /* Sources */,
				B73F19D123D5FA1A00F05F7C /* Frameworks */,
				B73F19D223D5FA1A00F05F7C /* Resources */,
			);
			buildRules = (
			);
			dependencies = (
			);
			name = "Pixaby-Persistence-Lab";
			packageProductDependencies = (
				B73F19EF23D5FC6200F05F7C /* ImageKit */,
			);
			productName = "Pixaby-Persistence-Lab";
			productReference = B73F19D423D5FA1A00F05F7C /* Pixaby-Persistence-Lab.app */;
			productType = "com.apple.product-type.application";
		};
/* End PBXNativeTarget section */

/* Begin PBXProject section */
		B73F19CC23D5FA1A00F05F7C /* Project object */ = {
			isa = PBXProject;
			attributes = {
				LastSwiftUpdateCheck = 1120;
				LastUpgradeCheck = 1120;
				ORGANIZATIONNAME = "Amy Alsaydi";
				TargetAttributes = {
					B73F19D323D5FA1A00F05F7C = {
						CreatedOnToolsVersion = 11.2;
					};
				};
			};
			buildConfigurationList = B73F19CF23D5FA1A00F05F7C /* Build configuration list for PBXProject "Pixaby-Persistence-Lab" */;
			compatibilityVersion = "Xcode 9.3";
			developmentRegion = en;
			hasScannedForEncodings = 0;
			knownRegions = (
				en,
				Base,
			);
			mainGroup = B73F19CB23D5FA1A00F05F7C;
			packageReferences = (
				B73F19EE23D5FC6200F05F7C /* XCRemoteSwiftPackageReference "ImageKit" */,
			);
			productRefGroup = B73F19D523D5FA1A00F05F7C /* Products */;
			projectDirPath = "";
			projectRoot = "";
			targets = (
				B73F19D323D5FA1A00F05F7C /* Pixaby-Persistence-Lab */,
			);
		};
/* End PBXProject section */

/* Begin PBXResourcesBuildPhase section */
		B73F19D223D5FA1A00F05F7C /* Resources */ = {
			isa = PBXResourcesBuildPhase;
			buildActionMask = 2147483647;
			files = (
				B73F19E423D5FA1F00F05F7C /* LaunchScreen.storyboard in Resources */,
				B73F19E123D5FA1F00F05F7C /* Assets.xcassets in Resources */,
				B73F19DF23D5FA1A00F05F7C /* Main.storyboard in Resources */,
			);
			runOnlyForDeploymentPostprocessing = 0;
		};
/* End PBXResourcesBuildPhase section */

/* Begin PBXSourcesBuildPhase section */
		B73F19D023D5FA1A00F05F7C /* Sources */ = {
			isa = PBXSourcesBuildPhase;
			buildActionMask = 2147483647;
			files = (
				B73F19FA23D5FFAE00F05F7C /* Photo.swift in Sources */,
				B73F19F423D5FE1900F05F7C /* SearchViewController.swift in Sources */,
				B73F19ED23D5FAE900F05F7C /* Secrets.swift in Sources */,
				B73F19F723D5FF7E00F05F7C /* PhotosApiClient.swift in Sources */,
				B73F19D823D5FA1A00F05F7C /* AppDelegate.swift in Sources */,
				B73F19DA23D5FA1A00F05F7C /* SceneDelegate.swift in Sources */,
			);
			runOnlyForDeploymentPostprocessing = 0;
		};
/* End PBXSourcesBuildPhase section */

/* Begin PBXVariantGroup section */
		B73F19DD23D5FA1A00F05F7C /* Main.storyboard */ = {
			isa = PBXVariantGroup;
			children = (
				B73F19DE23D5FA1A00F05F7C /* Base */,
			);
			name = Main.storyboard;
			sourceTree = "<group>";
		};
		B73F19E223D5FA1F00F05F7C /* LaunchScreen.storyboard */ = {
			isa = PBXVariantGroup;
			children = (
				B73F19E323D5FA1F00F05F7C /* Base */,
			);
			name = LaunchScreen.storyboard;
			sourceTree = "<group>";
		};
/* End PBXVariantGroup section */

/* Begin XCBuildConfiguration section */
		B73F19E623D5FA1F00F05F7C /* Debug */ = {
			isa = XCBuildConfiguration;
			buildSettings = {
				ALWAYS_SEARCH_USER_PATHS = NO;
				CLANG_ANALYZER_NONNULL = YES;
				CLANG_ANALYZER_NUMBER_OBJECT_CONVERSION = YES_AGGRESSIVE;
				CLANG_CXX_LANGUAGE_STANDARD = "gnu++14";
				CLANG_CXX_LIBRARY = "libc++";
				CLANG_ENABLE_MODULES = YES;
				CLANG_ENABLE_OBJC_ARC = YES;
				CLANG_ENABLE_OBJC_WEAK = YES;
				CLANG_WARN_BLOCK_CAPTURE_AUTORELEASING = YES;
				CLANG_WARN_BOOL_CONVERSION = YES;
				CLANG_WARN_COMMA = YES;
				CLANG_WARN_CONSTANT_CONVERSION = YES;
				CLANG_WARN_DEPRECATED_OBJC_IMPLEMENTATIONS = YES;
				CLANG_WARN_DIRECT_OBJC_ISA_USAGE = YES_ERROR;
				CLANG_WARN_DOCUMENTATION_COMMENTS = YES;
				CLANG_WARN_EMPTY_BODY = YES;
				CLANG_WARN_ENUM_CONVERSION = YES;
				CLANG_WARN_INFINITE_RECURSION = YES;
				CLANG_WARN_INT_CONVERSION = YES;
				CLANG_WARN_NON_LITERAL_NULL_CONVERSION = YES;
				CLANG_WARN_OBJC_IMPLICIT_RETAIN_SELF = YES;
				CLANG_WARN_OBJC_LITERAL_CONVERSION = YES;
				CLANG_WARN_OBJC_ROOT_CLASS = YES_ERROR;
				CLANG_WARN_RANGE_LOOP_ANALYSIS = YES;
				CLANG_WARN_STRICT_PROTOTYPES = YES;
				CLANG_WARN_SUSPICIOUS_MOVE = YES;
				CLANG_WARN_UNGUARDED_AVAILABILITY = YES_AGGRESSIVE;
				CLANG_WARN_UNREACHABLE_CODE = YES;
				CLANG_WARN__DUPLICATE_METHOD_MATCH = YES;
				COPY_PHASE_STRIP = NO;
				DEBUG_INFORMATION_FORMAT = dwarf;
				ENABLE_STRICT_OBJC_MSGSEND = YES;
				ENABLE_TESTABILITY = YES;
				GCC_C_LANGUAGE_STANDARD = gnu11;
				GCC_DYNAMIC_NO_PIC = NO;
				GCC_NO_COMMON_BLOCKS = YES;
				GCC_OPTIMIZATION_LEVEL = 0;
				GCC_PREPROCESSOR_DEFINITIONS = (
					"DEBUG=1",
					"$(inherited)",
				);
				GCC_WARN_64_TO_32_BIT_CONVERSION = YES;
				GCC_WARN_ABOUT_RETURN_TYPE = YES_ERROR;
				GCC_WARN_UNDECLARED_SELECTOR = YES;
				GCC_WARN_UNINITIALIZED_AUTOS = YES_AGGRESSIVE;
				GCC_WARN_UNUSED_FUNCTION = YES;
				GCC_WARN_UNUSED_VARIABLE = YES;
				IPHONEOS_DEPLOYMENT_TARGET = 13.2;
				MTL_ENABLE_DEBUG_INFO = INCLUDE_SOURCE;
				MTL_FAST_MATH = YES;
				ONLY_ACTIVE_ARCH = YES;
				SDKROOT = iphoneos;
				SWIFT_ACTIVE_COMPILATION_CONDITIONS = DEBUG;
				SWIFT_OPTIMIZATION_LEVEL = "-Onone";
			};
			name = Debug;
		};
		B73F19E723D5FA1F00F05F7C /* Release */ = {
			isa = XCBuildConfiguration;
			buildSettings = {
				ALWAYS_SEARCH_USER_PATHS = NO;
				CLANG_ANALYZER_NONNULL = YES;
				CLANG_ANALYZER_NUMBER_OBJECT_CONVERSION = YES_AGGRESSIVE;
				CLANG_CXX_LANGUAGE_STANDARD = "gnu++14";
				CLANG_CXX_LIBRARY = "libc++";
				CLANG_ENABLE_MODULES = YES;
				CLANG_ENABLE_OBJC_ARC = YES;
				CLANG_ENABLE_OBJC_WEAK = YES;
				CLANG_WARN_BLOCK_CAPTURE_AUTORELEASING = YES;
				CLANG_WARN_BOOL_CONVERSION = YES;
				CLANG_WARN_COMMA = YES;
				CLANG_WARN_CONSTANT_CONVERSION = YES;
				CLANG_WARN_DEPRECATED_OBJC_IMPLEMENTATIONS = YES;
				CLANG_WARN_DIRECT_OBJC_ISA_USAGE = YES_ERROR;
				CLANG_WARN_DOCUMENTATION_COMMENTS = YES;
				CLANG_WARN_EMPTY_BODY = YES;
				CLANG_WARN_ENUM_CONVERSION = YES;
				CLANG_WARN_INFINITE_RECURSION = YES;
				CLANG_WARN_INT_CONVERSION = YES;
				CLANG_WARN_NON_LITERAL_NULL_CONVERSION = YES;
				CLANG_WARN_OBJC_IMPLICIT_RETAIN_SELF = YES;
				CLANG_WARN_OBJC_LITERAL_CONVERSION = YES;
				CLANG_WARN_OBJC_ROOT_CLASS = YES_ERROR;
				CLANG_WARN_RANGE_LOOP_ANALYSIS = YES;
				CLANG_WARN_STRICT_PROTOTYPES = YES;
				CLANG_WARN_SUSPICIOUS_MOVE = YES;
				CLANG_WARN_UNGUARDED_AVAILABILITY = YES_AGGRESSIVE;
				CLANG_WARN_UNREACHABLE_CODE = YES;
				CLANG_WARN__DUPLICATE_METHOD_MATCH = YES;
				COPY_PHASE_STRIP = NO;
				DEBUG_INFORMATION_FORMAT = "dwarf-with-dsym";
				ENABLE_NS_ASSERTIONS = NO;
				ENABLE_STRICT_OBJC_MSGSEND = YES;
				GCC_C_LANGUAGE_STANDARD = gnu11;
				GCC_NO_COMMON_BLOCKS = YES;
				GCC_WARN_64_TO_32_BIT_CONVERSION = YES;
				GCC_WARN_ABOUT_RETURN_TYPE = YES_ERROR;
				GCC_WARN_UNDECLARED_SELECTOR = YES;
				GCC_WARN_UNINITIALIZED_AUTOS = YES_AGGRESSIVE;
				GCC_WARN_UNUSED_FUNCTION = YES;
				GCC_WARN_UNUSED_VARIABLE = YES;
				IPHONEOS_DEPLOYMENT_TARGET = 13.2;
				MTL_ENABLE_DEBUG_INFO = NO;
				MTL_FAST_MATH = YES;
				SDKROOT = iphoneos;
				SWIFT_COMPILATION_MODE = wholemodule;
				SWIFT_OPTIMIZATION_LEVEL = "-O";
				VALIDATE_PRODUCT = YES;
			};
			name = Release;
		};
		B73F19E923D5FA1F00F05F7C /* Debug */ = {
			isa = XCBuildConfiguration;
			buildSettings = {
				ASSETCATALOG_COMPILER_APPICON_NAME = AppIcon;
				CODE_SIGN_STYLE = Automatic;
				DEVELOPMENT_TEAM = WDT827LK75;
				INFOPLIST_FILE = "Pixaby-Persistence-Lab/Info.plist";
				LD_RUNPATH_SEARCH_PATHS = (
					"$(inherited)",
					"@executable_path/Frameworks",
				);
				PRODUCT_BUNDLE_IDENTIFIER = "com.Amy.Pixaby-Persistence-Lab";
				PRODUCT_NAME = "$(TARGET_NAME)";
				SWIFT_VERSION = 5.0;
				TARGETED_DEVICE_FAMILY = "1,2";
			};
			name = Debug;
		};
		B73F19EA23D5FA1F00F05F7C /* Release */ = {
			isa = XCBuildConfiguration;
			buildSettings = {
				ASSETCATALOG_COMPILER_APPICON_NAME = AppIcon;
				CODE_SIGN_STYLE = Automatic;
				DEVELOPMENT_TEAM = WDT827LK75;
				INFOPLIST_FILE = "Pixaby-Persistence-Lab/Info.plist";
				LD_RUNPATH_SEARCH_PATHS = (
					"$(inherited)",
					"@executable_path/Frameworks",
				);
				PRODUCT_BUNDLE_IDENTIFIER = "com.Amy.Pixaby-Persistence-Lab";
				PRODUCT_NAME = "$(TARGET_NAME)";
				SWIFT_VERSION = 5.0;
				TARGETED_DEVICE_FAMILY = "1,2";
			};
			name = Release;
		};
/* End XCBuildConfiguration section */

/* Begin XCConfigurationList section */
		B73F19CF23D5FA1A00F05F7C /* Build configuration list for PBXProject "Pixaby-Persistence-Lab" */ = {
			isa = XCConfigurationList;
			buildConfigurations = (
				B73F19E623D5FA1F00F05F7C /* Debug */,
				B73F19E723D5FA1F00F05F7C /* Release */,
			);
			defaultConfigurationIsVisible = 0;
			defaultConfigurationName = Release;
		};
		B73F19E823D5FA1F00F05F7C /* Build configuration list for PBXNativeTarget "Pixaby-Persistence-Lab" */ = {
			isa = XCConfigurationList;
			buildConfigurations = (
				B73F19E923D5FA1F00F05F7C /* Debug */,
				B73F19EA23D5FA1F00F05F7C /* Release */,
			);
			defaultConfigurationIsVisible = 0;
			defaultConfigurationName = Release;
		};
/* End XCConfigurationList section */

/* Begin XCRemoteSwiftPackageReference section */
		B73F19EE23D5FC6200F05F7C /* XCRemoteSwiftPackageReference "ImageKit" */ = {
			isa = XCRemoteSwiftPackageReference;
			repositoryURL = "https://github.com/alexpaul/ImageKit";
			requirement = {
				kind = upToNextMajorVersion;
				minimumVersion = 1.0.4;
			};
		};
/* End XCRemoteSwiftPackageReference section */

/* Begin XCSwiftPackageProductDependency section */
		B73F19EF23D5FC6200F05F7C /* ImageKit */ = {
			isa = XCSwiftPackageProductDependency;
			package = B73F19EE23D5FC6200F05F7C /* XCRemoteSwiftPackageReference "ImageKit" */;
			productName = ImageKit;
		};
/* End XCSwiftPackageProductDependency section */
	};
	rootObject = B73F19CC23D5FA1A00F05F7C /* Project object */;
}
